uuid: e6ffab52-beb0-4184-94d5-8149216b3489
langcode: en
status: true
dependencies:
  config:
    - views.view.who_s_online
  module:
    - system
    - user
    - views
  theme:
    - claro
id: views_block__who_s_online_who_s_online_block
theme: claro
region: content
weight: 0
provider: null
plugin: 'views_block:who_s_online-who_s_online_block'
settings:
  id: 'views_block:who_s_online-who_s_online_block'
  label: ''
  provider: views
  label_display: visible
  views_label: ''
  items_per_page: none
visibility:
  request_path:
    id: request_path
    pages: /admin/config/development/maintenance
    negate: false
  user_role:
    id: user_role
    roles:
      administrator: administrator
    negate: false
    context_mapping:
      user: '@user.current_user_context:current_user'
